
Microsoft Visual Studio Solution File, Format Version 12.00
# Visual Studio 15
VisualStudioVersion = 15.0.28307.572
MinimumVisualStudioVersion = 10.0.40219.1
Project("{9A19103F-16F7-4668-BE54-9A1E7A4F7556}") = "Meetings.Reminder", "Meetings.Reminder\Meetings.Reminder.csproj", "{CFE0D1A0-B0D7-449D-9A6D-B2F306B78BA4}"
EndProject
Project("{9A19103F-16F7-4668-BE54-9A1E7A4F7556}") = "Reminders.Core", "Reminders.Core\Reminders.Core.csproj", "{1B886307-74F0-41FC-AC7E-96FE18CDB9D6}"
EndProject
Project("{9A19103F-16F7-4668-BE54-9A1E7A4F7556}") = "Reminders.FunctionApp", "Reminders.FunctionApp\Reminders.FunctionApp.csproj", "{AA4724C0-B458-4324-943C-053429165E2C}"
EndProject
Global
	GlobalSection(SolutionConfigurationPlatforms) = preSolution
		Debug|Any CPU = Debug|Any CPU
		Release|Any CPU = Release|Any CPU
	EndGlobalSection
	GlobalSection(ProjectConfigurationPlatforms) = postSolution
		{CFE0D1A0-B0D7-449D-9A6D-B2F306B78BA4}.Debug|Any CPU.ActiveCfg = Debug|Any CPU
		{CFE0D1A0-B0D7-449D-9A6D-B2F306B78BA4}.Debug|Any CPU.Build.0 = Debug|Any CPU
		{CFE0D1A0-B0D7-449D-9A6D-B2F306B78BA4}.Release|Any CPU.ActiveCfg = Release|Any CPU
		{CFE0D1A0-B0D7-449D-9A6D-B2F306B78BA4}.Release|Any CPU.Build.0 = Release|Any CPU
		{1B886307-74F0-41FC-AC7E-96FE18CDB9D6}.Debug|Any CPU.ActiveCfg = Debug|Any CPU
		{1B886307-74F0-41FC-AC7E-96FE18CDB9D6}.Debug|Any CPU.Build.0 = Debug|Any CPU
		{1B886307-74F0-41FC-AC7E-96FE18CDB9D6}.Release|Any CPU.ActiveCfg = Release|Any CPU
		{1B886307-74F0-41FC-AC7E-96FE18CDB9D6}.Release|Any CPU.Build.0 = Release|Any CPU
		{AA4724C0-B458-4324-943C-053429165E2C}.Debug|Any CPU.ActiveCfg = Debug|Any CPU
		{AA4724C0-B458-4324-943C-053429165E2C}.Debug|Any CPU.Build.0 = Debug|Any CPU
		{AA4724C0-B458-4324-943C-053429165E2C}.Release|Any CPU.ActiveCfg = Release|Any CPU
		{AA4724C0-B458-4324-943C-053429165E2C}.Release|Any CPU.Build.0 = Release|Any CPU
	EndGlobalSection
	GlobalSection(SolutionProperties) = preSolution
		HideSolutionNode = FALSE
	EndGlobalSection
	GlobalSection(ExtensibilityGlobals) = postSolution
		SolutionGuid = {C8BA35D5-C3AB-4914-A490-5C431E000E72}
	EndGlobalSection
EndGlobal
